
Microsoft Visual Studio Solution File, Format Version 12.00
# Visual Studio Version 16
VisualStudioVersion = 16.0.30907.101
MinimumVisualStudioVersion = 10.0.40219.1
Project("{FAE04EC0-301F-11D3-BF4B-00C04F79EFBC}") = "OOP2", "OOP2\OOP2.csproj", "{08FB4166-4706-4F0F-9A73-94B9C594D461}"
EndProject
Project("{FAE04EC0-301F-11D3-BF4B-00C04F79EFBC}") = "OOP3", "OOP3\OOP3.csproj", "{AE27E506-9496-4472-8620-F815B82DDD79}"
EndProject
Global
	GlobalSection(SolutionConfigurationPlatforms) = preSolution
		Debug|Any CPU = Debug|Any CPU
		Release|Any CPU = Release|Any CPU
	EndGlobalSection
	GlobalSection(ProjectConfigurationPlatforms) = postSolution
		{08FB4166-4706-4F0F-9A73-94B9C594D461}.Debug|Any CPU.ActiveCfg = Debug|Any CPU
		{08FB4166-4706-4F0F-9A73-94B9C594D461}.Debug|Any CPU.Build.0 = Debug|Any CPU
		{08FB4166-4706-4F0F-9A73-94B9C594D461}.Release|Any CPU.ActiveCfg = Release|Any CPU
		{08FB4166-4706-4F0F-9A73-94B9C594D461}.Release|Any CPU.Build.0 = Release|Any CPU
		{AE27E506-9496-4472-8620-F815B82DDD79}.Debug|Any CPU.ActiveCfg = Debug|Any CPU
		{AE27E506-9496-4472-8620-F815B82DDD79}.Debug|Any CPU.Build.0 = Debug|Any CPU
		{AE27E506-9496-4472-8620-F815B82DDD79}.Release|Any CPU.ActiveCfg = Release|Any CPU
		{AE27E506-9496-4472-8620-F815B82DDD79}.Release|Any CPU.Build.0 = Release|Any CPU
	EndGlobalSection
	GlobalSection(SolutionProperties) = preSolution
		HideSolutionNode = FALSE
	EndGlobalSection
	GlobalSection(ExtensibilityGlobals) = postSolution
		SolutionGuid = {C4507BA3-C11C-4CE6-88EB-042F110C8188}
	EndGlobalSection
EndGlobal
